Microsoft Visual Studio Solution File, Format Version 12.00
# Visual Studio Version 17
VisualStudioVersion = 17.5.2.0
MinimumVisualStudioVersion = 10.0.40219.1
Project("{FAE04EC0-301F-11D3-BF4B-00C04F79EFBC}") = "BlogManagementSystem", "BlogManagementSystem.csproj", "{F881E30F-8A38-B724-62F8-F3405553C3AC}"
EndProject
Global
	GlobalSection(SolutionConfigurationPlatforms) = preSolution
		Debug|Any CPU = Debug|Any CPU
		Release|Any CPU = Release|Any CPU
	EndGlobalSection
	GlobalSection(ProjectConfigurationPlatforms) = postSolution
		{F881E30F-8A38-B724-62F8-F3405553C3AC}.Debug|Any CPU.ActiveCfg = Debug|Any CPU
		{F881E30F-8A38-B724-62F8-F3405553C3AC}.Debug|Any CPU.Build.0 = Debug|Any CPU
		{F881E30F-8A38-B724-62F8-F3405553C3AC}.Release|Any CPU.ActiveCfg = Release|Any CPU
		{F881E30F-8A38-B724-62F8-F3405553C3AC}.Release|Any CPU.Build.0 = Release|Any CPU
	EndGlobalSection
	GlobalSection(SolutionProperties) = preSolution
		HideSolutionNode = FALSE
	EndGlobalSection
	GlobalSection(ExtensibilityGlobals) = postSolution
		SolutionGuid = {0C8C79E3-8611-4FC7-B968-43E69DD75549}
	EndGlobalSection
EndGlobal
